
Microsoft Visual Studio Solution File, Format Version 12.00
Project("{FAE04EC0-301F-11D3-BF4B-00C04F79EFBC}") = "dbsync", "dbsync\dbsync.csproj", "{C7E0C86D-2360-41F4-BABA-DDBC2E0FEC34}"
EndProject
Project("{FAE04EC0-301F-11D3-BF4B-00C04F79EFBC}") = "dbsync.Test", "dbsync.Test\dbsync.Test.csproj", "{A80EC0C8-DC70-4432-8201-3CB675CD24D5}"
EndProject
Global
	GlobalSection(SolutionConfigurationPlatforms) = preSolution
		Debug|Any CPU = Debug|Any CPU
		Release|Any CPU = Release|Any CPU
	EndGlobalSection
	GlobalSection(ProjectConfigurationPlatforms) = postSolution
		{C7E0C86D-2360-41F4-BABA-DDBC2E0FEC34}.Debug|Any CPU.ActiveCfg = Debug|Any CPU
		{C7E0C86D-2360-41F4-BABA-DDBC2E0FEC34}.Debug|Any CPU.Build.0 = Debug|Any CPU
		{C7E0C86D-2360-41F4-BABA-DDBC2E0FEC34}.Release|Any CPU.ActiveCfg = Release|Any CPU
		{C7E0C86D-2360-41F4-BABA-DDBC2E0FEC34}.Release|Any CPU.Build.0 = Release|Any CPU
		{A80EC0C8-DC70-4432-8201-3CB675CD24D5}.Debug|Any CPU.ActiveCfg = Debug|Any CPU
		{A80EC0C8-DC70-4432-8201-3CB675CD24D5}.Debug|Any CPU.Build.0 = Debug|Any CPU
		{A80EC0C8-DC70-4432-8201-3CB675CD24D5}.Release|Any CPU.ActiveCfg = Release|Any CPU
		{A80EC0C8-DC70-4432-8201-3CB675CD24D5}.Release|Any CPU.Build.0 = Release|Any CPU
	EndGlobalSection
EndGlobal
